// !$*UTF8*$!
{
	archiveVersion = 1;
	classes = {
	};
	objectVersion = 50;
	objects = {

/* Begin PBXBuildFile section */
		DB840CD623B9B8C5004E528E /* AppDelegate.swift in Sources */ = {isa = PBXBuildFile; fileRef = DB840CD523B9B8C5004E528E /* AppDelegate.swift */; };
		DB840CD823B9B8C5004E528E /* SceneDelegate.swift in Sources */ = {isa = PBXBuildFile; fileRef = DB840CD723B9B8C5004E528E /* SceneDelegate.swift */; };
		DB840CDA23B9B8C5004E528E /* ViewController.swift in Sources */ = {isa = PBXBuildFile; fileRef = DB840CD923B9B8C5004E528E /* ViewController.swift */; };
		DB840CDD23B9B8C5004E528E /* Main.storyboard in Resources */ = {isa = PBXBuildFile; fileRef = DB840CDB23B9B8C5004E528E /* Main.storyboard */; };
		DB840CDF23B9B8C6004E528E /* Assets.xcassets in Resources */ = {isa = PBXBuildFile; fileRef = DB840CDE23B9B8C6004E528E /* Assets.xcassets */; };
		DB840CE223B9B8C6004E528E /* LaunchScreen.storyboard in Resources */ = {isa = PBXBuildFile; fileRef = DB840CE023B9B8C6004E528E /* LaunchScreen.storyboard */; };
		DB840CED23B9B8C6004E528E /* Tip_CalculatorTests.swift in Sources */ = {isa = PBXBuildFile; fileRef = DB840CEC23B9B8C6004E528E /* Tip_CalculatorTests.swift */; };
		DB840CF823B9B8C6004E528E /* Tip_CalculatorUITests.swift in Sources */ = {isa = PBXBuildFile; fileRef = DB840CF723B9B8C6004E528E /* Tip_CalculatorUITests.swift */; };
/* End PBXBuildFile section */

/* Begin PBXContainerItemProxy section */
		DB840CE923B9B8C6004E528E /* PBXContainerItemProxy */ = {
			isa = PBXContainerItemProxy;
			containerPortal = DB840CCA23B9B8C5004E528E /* Project object */;
			proxyType = 1;
			remoteGlobalIDString = DB840CD123B9B8C5004E528E;
			remoteInfo = "Tip Calculator";
		};
		DB840CF423B9B8C6004E528E /* PBXContainerItemProxy */ = {
			isa = PBXContainerItemProxy;
			containerPortal = DB840CCA23B9B8C5004E528E /* Project object */;
			proxyType = 1;
			remoteGlobalIDString = DB840CD123B9B8C5004E528E;
			remoteInfo = "Tip Calculator";
		};
/* End PBXContainerItemProxy section */

/* Begin PBXFileReference section */
		DB840CD223B9B8C5004E528E /* Tip Calculator.app */ = {isa = PBXFileReference; explicitFileType = wrapper.application; includeInIndex = 0; path = "Tip Calculator.app"; sourceTree = BUILT_PRODUCTS_DIR; };
		DB840CD523B9B8C5004E528E /* AppDelegate.swift */ = {isa = PBXFileReference; lastKnownFileType = sourcecode.swift; path = AppDelegate.swift; sourceTree = "<group>"; };
		DB840CD723B9B8C5004E528E /* SceneDelegate.swift */ = {isa = PBXFileReference; lastKnownFileType = sourcecode.swift; path = SceneDelegate.swift; sourceTree = "<group>"; };
		DB840CD923B9B8C5004E528E /* ViewController.swift */ = {isa = PBXFileReference; lastKnownFileType = sourcecode.swift; path = ViewController.swift; sourceTree = "<group>"; };
		DB840CDC23B9B8C5004E528E /* Base */ = {isa = PBXFileReference; lastKnownFileType = file.storyboard; name = Base; path = Base.lproj/Main.storyboard; sourceTree = "<group>"; };
		DB840CDE23B9B8C6004E528E /* Assets.xcassets */ = {isa = PBXFileReference; lastKnownFileType = folder.assetcatalog; path = Assets.xcassets; sourceTree = "<group>"; };
		DB840CE123B9B8C6004E528E /* Base */ = {isa = PBXFileReference; lastKnownFileType = file.storyboard; name = Base; path = Base.lproj/LaunchScreen.storyboard; sourceTree = "<group>"; };
		DB840CE323B9B8C6004E528E /* Info.plist */ = {isa = PBXFileReference; lastKnownFileType = text.plist.xml; path = Info.plist; sourceTree = "<group>"; };
		DB840CE823B9B8C6004E528E /* Tip CalculatorTests.xctest */ = {isa = PBXFileReference; explicitFileType = wrapper.cfbundle; includeInIndex = 0; path = "Tip CalculatorTests.xctest"; sourceTree = BUILT_PRODUCTS_DIR; };
		DB840CEC23B9B8C6004E528E /* Tip_CalculatorTests.swift */ = {isa = PBXFileReference; lastKnownFileType = sourcecode.swift; path = Tip_CalculatorTests.swift; sourceTree = "<group>"; };
		DB840CEE23B9B8C6004E528E /* Info.plist */ = {isa = PBXFileReference; lastKnownFileType = text.plist.xml; path = Info.plist; sourceTree = "<group>"; };
		DB840CF323B9B8C6004E528E /* Tip CalculatorUITests.xctest */ = {isa = PBXFileReference; explicitFileType = wrapper.cfbundle; includeInIndex = 0; path = "Tip CalculatorUITests.xctest"; sourceTree = BUILT_PRODUCTS_DIR; };
		DB840CF723B9B8C6004E528E /* Tip_CalculatorUITests.swift */ = {isa = PBXFileReference; lastKnownFileType = sourcecode.swift; path = Tip_CalculatorUITests.swift; sourceTree = "<group>"; };
		DB840CF923B9B8C6004E528E /* Info.plist */ = {isa = PBXFileReference; lastKnownFileType = text.plist.xml; path = Info.plist; sourceTree = "<group>"; };
/* End PBXFileReference section */

/* Begin PBXFrameworksBuildPhase section */
		DB840CCF23B9B8C5004E528E /* Frameworks */ = {
			isa = PBXFrameworksBuildPhase;
			buildActionMask = 2147483647;
			files = (
			);
			runOnlyForDeploymentPostprocessing = 0;
		};
		DB840CE523B9B8C6004E528E /* Frameworks */ = {
			isa = PBXFrameworksBuildPhase;
			buildActionMask = 2147483647;
			files = (
			);
			runOnlyForDeploymentPostprocessing = 0;
		};
		DB840CF023B9B8C6004E528E /* Frameworks */ = {
			isa = PBXFrameworksBuildPhase;
			buildActionMask = 2147483647;
			files = (
			);
			runOnlyForDeploymentPostprocessing = 0;
		};
/* End PBXFrameworksBuildPhase section */

/* Begin PBXGroup section */
		DB840CC923B9B8C5004E528E = {
			isa = PBXGroup;
			children = (
				DB840CD423B9B8C5004E528E /* Tip Calculator */,
				DB840CEB23B9B8C6004E528E /* Tip CalculatorTests */,
				DB840CF623B9B8C6004E528E /* Tip CalculatorUITests */,
				DB840CD323B9B8C5004E528E /* Products */,
			);
			sourceTree = "<group>";
		};
		DB840CD323B9B8C5004E528E /* Products */ = {
			isa = PBXGroup;
			children = (
				DB840CD223B9B8C5004E528E /* Tip Calculator.app */,
				DB840CE823B9B8C6004E528E /* Tip CalculatorTests.xctest */,
				DB840CF323B9B8C6004E528E /* Tip CalculatorUITests.xctest */,
			);
			name = Products;
			sourceTree = "<group>";
		};
		DB840CD423B9B8C5004E528E /* Tip Calculator */ = {
			isa = PBXGroup;
			children = (
				DB840CD523B9B8C5004E528E /* AppDelegate.swift */,
				DB840CD723B9B8C5004E528E /* SceneDelegate.swift */,
				DB840CD923B9B8C5004E528E /* ViewController.swift */,
				DB840CDB23B9B8C5004E528E /* Main.storyboard */,
				DB840CDE23B9B8C6004E528E /* Assets.xcassets */,
				DB840CE023B9B8C6004E528E /* LaunchScreen.storyboard */,
				DB840CE323B9B8C6004E528E /* Info.plist */,
			);
			path = "Tip Calculator";
			sourceTree = "<group>";
		};
		DB840CEB23B9B8C6004E528E /* Tip CalculatorTests */ = {
			isa = PBXGroup;
			children = (
				DB840CEC23B9B8C6004E528E /* Tip_CalculatorTests.swift */,
				DB840CEE23B9B8C6004E528E /* Info.plist */,
			);
			path = "Tip CalculatorTests";
			sourceTree = "<group>";
		};
		DB840CF623B9B8C6004E528E /* Tip CalculatorUITests */ = {
			isa = PBXGroup;
			children = (
				DB840CF723B9B8C6004E528E /* Tip_CalculatorUITests.swift */,
				DB840CF923B9B8C6004E528E /* Info.plist */,
			);
			path = "Tip CalculatorUITests";
			sourceTree = "<group>";
		};
/* End PBXGroup section */

/* Begin PBXNativeTarget section */
		DB840CD123B9B8C5004E528E /* Tip Calculator */ = {
			isa = PBXNativeTarget;
			buildConfigurationList = DB840CFC23B9B8C6004E528E /* Build configuration list for PBXNativeTarget "Tip Calculator" */;
			buildPhases = (
				DB840CCE23B9B8C5004E528E /* Sources */,
				DB840CCF23B9B8C5004E528E /* Frameworks */,
				DB840CD023B9B8C5004E528E /* Resources */,
			);
			buildRules = (
			);
			dependencies = (
			);
			name = "Tip Calculator";
			productName = "Tip Calculator";
			productReference = DB840CD223B9B8C5004E528E /* Tip Calculator.app */;
			productType = "com.apple.product-type.application";
		};
		DB840CE723B9B8C6004E528E /* Tip CalculatorTests */ = {
			isa = PBXNativeTarget;
			buildConfigurationList = DB840CFF23B9B8C6004E528E /* Build configuration list for PBXNativeTarget "Tip CalculatorTests" */;
			buildPhases = (
				DB840CE423B9B8C6004E528E /* Sources */,
				DB840CE523B9B8C6004E528E /* Frameworks */,
				DB840CE623B9B8C6004E528E /* Resources */,
			);
			buildRules = (
			);
			dependencies = (
				DB840CEA23B9B8C6004E528E /* PBXTargetDependency */,
			);
			name = "Tip CalculatorTests";
			productName = "Tip CalculatorTests";
			productReference = DB840CE823B9B8C6004E528E /* Tip CalculatorTests.xctest */;
			productType = "com.apple.product-type.bundle.unit-test";
		};
		DB840CF223B9B8C6004E528E /* Tip CalculatorUITests */ = {
			isa = PBXNativeTarget;
			buildConfigurationList = DB840D0223B9B8C6004E528E /* Build configuration list for PBXNativeTarget "Tip CalculatorUITests" */;
			buildPhases = (
				DB840CEF23B9B8C6004E528E /* Sources */,
				DB840CF023B9B8C6004E528E /* Frameworks */,
				DB840CF123B9B8C6004E528E /* Resources */,
			);
			buildRules = (
			);
			dependencies = (
				DB840CF523B9B8C6004E528E /* PBXTargetDependency */,
			);
			name = "Tip CalculatorUITests";
			productName = "Tip CalculatorUITests";
			productReference = DB840CF323B9B8C6004E528E /* Tip CalculatorUITests.xctest */;
			productType = "com.apple.product-type.bundle.ui-testing";
		};
/* End PBXNativeTarget section */

/* Begin PBXProject section */
		DB840CCA23B9B8C5004E528E /* Project object */ = {
			isa = PBXProject;
			attributes = {
				LastSwiftUpdateCheck = 1130;
				LastUpgradeCheck = 1130;
				ORGANIZATIONNAME = "Yiheng Cen Feng";
				TargetAttributes = {
					DB840CD123B9B8C5004E528E = {
						CreatedOnToolsVersion = 11.3;
					};
					DB840CE723B9B8C6004E528E = {
						CreatedOnToolsVersion = 11.3;
						TestTargetID = DB840CD123B9B8C5004E528E;
					};
					DB840CF223B9B8C6004E528E = {
						CreatedOnToolsVersion = 11.3;
						TestTargetID = DB840CD123B9B8C5004E528E;
					};
				};
			};
			buildConfigurationList = DB840CCD23B9B8C5004E528E /* Build configuration list for PBXProject "Tip Calculator" */;
			compatibilityVersion = "Xcode 9.3";
			developmentRegion = en;
			hasScannedForEncodings = 0;
			knownRegions = (
				en,
				Base,
			);
			mainGroup = DB840CC923B9B8C5004E528E;
			productRefGroup = DB840CD323B9B8C5004E528E /* Products */;
			projectDirPath = "";
			projectRoot = "";
			targets = (
				DB840CD123B9B8C5004E528E /* Tip Calculator */,
				DB840CE723B9B8C6004E528E /* Tip CalculatorTests */,
				DB840CF223B9B8C6004E528E /* Tip CalculatorUITests */,
			);
		};
/* End PBXProject section */

/* Begin PBXResourcesBuildPhase section */
		DB840CD023B9B8C5004E528E /* Resources */ = {
			isa = PBXResourcesBuildPhase;
			buildActionMask = 2147483647;
			files = (
				DB840CE223B9B8C6004E528E /* LaunchScreen.storyboard in Resources */,
				DB840CDF23B9B8C6004E528E /* Assets.xcassets in Resources */,
				DB840CDD23B9B8C5004E528E /* Main.storyboard in Resources */,
			);
			runOnlyForDeploymentPostprocessing = 0;
		};
		DB840CE623B9B8C6004E528E /* Resources */ = {
			isa = PBXResourcesBuildPhase;
			buildActionMask = 2147483647;
			files = (
			);
			runOnlyForDeploymentPostprocessing = 0;
		};
		DB840CF123B9B8C6004E528E /* Resources */ = {
			isa = PBXResourcesBuildPhase;
			buildActionMask = 2147483647;
			files = (
			);
			runOnlyForDeploymentPostprocessing = 0;
		};
/* End PBXResourcesBuildPhase section */

/* Begin PBXSourcesBuildPhase section */
		DB840CCE23B9B8C5004E528E /* Sources */ = {
			isa = PBXSourcesBuildPhase;
			buildActionMask = 2147483647;
			files = (
				DB840CDA23B9B8C5004E528E /* ViewController.swift in Sources */,
				DB840CD623B9B8C5004E528E /* AppDelegate.swift in Sources */,
				DB840CD823B9B8C5004E528E /* SceneDelegate.swift in Sources */,
			);
			runOnlyForDeploymentPostprocessing = 0;
		};
		DB840CE423B9B8C6004E528E /* Sources */ = {
			isa = PBXSourcesBuildPhase;
			buildActionMask = 2147483647;
			files = (
				DB840CED23B9B8C6004E528E /* Tip_CalculatorTests.swift in Sources */,
			);
			runOnlyForDeploymentPostprocessing = 0;
		};
		DB840CEF23B9B8C6004E528E /* Sources */ = {
			isa = PBXSourcesBuildPhase;
			buildActionMask = 2147483647;
			files = (
				DB840CF823B9B8C6004E528E /* Tip_CalculatorUITests.swift in Sources */,
			);
			runOnlyForDeploymentPostprocessing = 0;
		};
/* End PBXSourcesBuildPhase section */

/* Begin PBXTargetDependency section */
		DB840CEA23B9B8C6004E528E /* PBXTargetDependency */ = {
			isa = PBXTargetDependency;
			target = DB840CD123B9B8C5004E528E /* Tip Calculator */;
			targetProxy = DB840CE923B9B8C6004E528E /* PBXContainerItemProxy */;
		};
		DB840CF523B9B8C6004E528E /* PBXTargetDependency */ = {
			isa = PBXTargetDependency;
			target = DB840CD123B9B8C5004E528E /* Tip Calculator */;
			targetProxy = DB840CF423B9B8C6004E528E /* PBXContainerItemProxy */;
		};
/* End PBXTargetDependency section */

/* Begin PBXVariantGroup section */
		DB840CDB23B9B8C5004E528E /* Main.storyboard */ = {
			isa = PBXVariantGroup;
			children = (
				DB840CDC23B9B8C5004E528E /* Base */,
			);
			name = Main.storyboard;
			sourceTree = "<group>";
		};
		DB840CE023B9B8C6004E528E /* LaunchScreen.storyboard */ = {
			isa = PBXVariantGroup;
			children = (
				DB840CE123B9B8C6004E528E /* Base */,
			);
			name = LaunchScreen.storyboard;
			sourceTree = "<group>";
		};
/* End PBXVariantGroup section */

/* Begin XCBuildConfiguration section */
		DB840CFA23B9B8C6004E528E /* Debug */ = {
			isa = XCBuildConfiguration;
			buildSettings = {
				ALWAYS_SEARCH_USER_PATHS = NO;
				CLANG_ANALYZER_NONNULL = YES;
				CLANG_ANALYZER_NUMBER_OBJECT_CONVERSION = YES_AGGRESSIVE;
				CLANG_CXX_LANGUAGE_STANDARD = "gnu++14";
				CLANG_CXX_LIBRARY = "libc++";
				CLANG_ENABLE_MODULES = YES;
				CLANG_ENABLE_OBJC_ARC = YES;
				CLANG_ENABLE_OBJC_WEAK = YES;
				CLANG_WARN_BLOCK_CAPTURE_AUTORELEASING = YES;
				CLANG_WARN_BOOL_CONVERSION = YES;
				CLANG_WARN_COMMA = YES;
				CLANG_WARN_CONSTANT_CONVERSION = YES;
				CLANG_WARN_DEPRECATED_OBJC_IMPLEMENTATIONS = YES;
				CLANG_WARN_DIRECT_OBJC_ISA_USAGE = YES_ERROR;
				CLANG_WARN_DOCUMENTATION_COMMENTS = YES;
				CLANG_WARN_EMPTY_BODY = YES;
				CLANG_WARN_ENUM_CONVERSION = YES;
				CLANG_WARN_INFINITE_RECURSION = YES;
				CLANG_WARN_INT_CONVERSION = YES;
				CLANG_WARN_NON_LITERAL_NULL_CONVERSION = YES;
				CLANG_WARN_OBJC_IMPLICIT_RETAIN_SELF = YES;
				CLANG_WARN_OBJC_LITERAL_CONVERSION = YES;
				CLANG_WARN_OBJC_ROOT_CLASS = YES_ERROR;
				CLANG_WARN_RANGE_LOOP_ANALYSIS = YES;
				CLANG_WARN_STRICT_PROTOTYPES = YES;
				CLANG_WARN_SUSPICIOUS_MOVE = YES;
				CLANG_WARN_UNGUARDED_AVAILABILITY = YES_AGGRESSIVE;
				CLANG_WARN_UNREACHABLE_CODE = YES;
				CLANG_WARN__DUPLICATE_METHOD_MATCH = YES;
				COPY_PHASE_STRIP = NO;
				DEBUG_INFORMATION_FORMAT = dwarf;
				ENABLE_STRICT_OBJC_MSGSEND = YES;
				ENABLE_TESTABILITY = YES;
				GCC_C_LANGUAGE_STANDARD = gnu11;
				GCC_DYNAMIC_NO_PIC = NO;
				GCC_NO_COMMON_BLOCKS = YES;
				GCC_OPTIMIZATION_LEVEL = 0;
				GCC_PREPROCESSOR_DEFINITIONS = (
					"DEBUG=1",
					"$(inherited)",
				);
				GCC_WARN_64_TO_32_BIT_CONVERSION = YES;
				GCC_WARN_ABOUT_RETURN_TYPE = YES_ERROR;
				GCC_WARN_UNDECLARED_SELECTOR = YES;
				GCC_WARN_UNINITIALIZED_AUTOS = YES_AGGRESSIVE;
				GCC_WARN_UNUSED_FUNCTION = YES;
				GCC_WARN_UNUSED_VARIABLE = YES;
				IPHONEOS_DEPLOYMENT_TARGET = 13.2;
				MTL_ENABLE_DEBUG_INFO = INCLUDE_SOURCE;
				MTL_FAST_MATH = YES;
				ONLY_ACTIVE_ARCH = YES;
				SDKROOT = iphoneos;
				SWIFT_ACTIVE_COMPILATION_CONDITIONS = DEBUG;
				SWIFT_OPTIMIZATION_LEVEL = "-Onone";
			};
			name = Debug;
		};
		DB840CFB23B9B8C6004E528E /* Release */ = {
			isa = XCBuildConfiguration;
			buildSettings = {
				ALWAYS_SEARCH_USER_PATHS = NO;
				CLANG_ANALYZER_NONNULL = YES;
				CLANG_ANALYZER_NUMBER_OBJECT_CONVERSION = YES_AGGRESSIVE;
				CLANG_CXX_LANGUAGE_STANDARD = "gnu++14";
				CLANG_CXX_LIBRARY = "libc++";
				CLANG_ENABLE_MODULES = YES;
				CLANG_ENABLE_OBJC_ARC = YES;
				CLANG_ENABLE_OBJC_WEAK = YES;
				CLANG_WARN_BLOCK_CAPTURE_AUTORELEASING = YES;
				CLANG_WARN_BOOL_CONVERSION = YES;
				CLANG_WARN_COMMA = YES;
				CLANG_WARN_CONSTANT_CONVERSION = YES;
				CLANG_WARN_DEPRECATED_OBJC_IMPLEMENTATIONS = YES;
				CLANG_WARN_DIRECT_OBJC_ISA_USAGE = YES_ERROR;
				CLANG_WARN_DOCUMENTATION_COMMENTS = YES;
				CLANG_WARN_EMPTY_BODY = YES;
				CLANG_WARN_ENUM_CONVERSION = YES;
				CLANG_WARN_INFINITE_RECURSION = YES;
				CLANG_WARN_INT_CONVERSION = YES;
				CLANG_WARN_NON_LITERAL_NULL_CONVERSION = YES;
				CLANG_WARN_OBJC_IMPLICIT_RETAIN_SELF = YES;
				CLANG_WARN_OBJC_LITERAL_CONVERSION = YES;
				CLANG_WARN_OBJC_ROOT_CLASS = YES_ERROR;
				CLANG_WARN_RANGE_LOOP_ANALYSIS = YES;
				CLANG_WARN_STRICT_PROTOTYPES = YES;
				CLANG_WARN_SUSPICIOUS_MOVE = YES;
				CLANG_WARN_UNGUARDED_AVAILABILITY = YES_AGGRESSIVE;
				CLANG_WARN_UNREACHABLE_CODE = YES;
				CLANG_WARN__DUPLICATE_METHOD_MATCH = YES;
				COPY_PHASE_STRIP = NO;
				DEBUG_INFORMATION_FORMAT = "dwarf-with-dsym";
				ENABLE_NS_ASSERTIONS = NO;
				ENABLE_STRICT_OBJC_MSGSEND = YES;
				GCC_C_LANGUAGE_STANDARD = gnu11;
				GCC_NO_COMMON_BLOCKS = YES;
				GCC_WARN_64_TO_32_BIT_CONVERSION = YES;
				GCC_WARN_ABOUT_RETURN_TYPE = YES_ERROR;
				GCC_WARN_UNDECLARED_SELECTOR = YES;
				GCC_WARN_UNINITIALIZED_AUTOS = YES_AGGRESSIVE;
				GCC_WARN_UNUSED_FUNCTION = YES;
				GCC_WARN_UNUSED_VARIABLE = YES;
				IPHONEOS_DEPLOYMENT_TARGET = 13.2;
				MTL_ENABLE_DEBUG_INFO = NO;
				MTL_FAST_MATH = YES;
				SDKROOT = iphoneos;
				SWIFT_COMPILATION_MODE = wholemodule;
				SWIFT_OPTIMIZATION_LEVEL = "-O";
				VALIDATE_PRODUCT = YES;
			};
			name = Release;
		};
		DB840CFD23B9B8C6004E528E /* Debug */ = {
			isa = XCBuildConfiguration;
			buildSettings = {
				ASSETCATALOG_COMPILER_APPICON_NAME = AppIcon;
				CODE_SIGN_STYLE = Automatic;
				INFOPLIST_FILE = "Tip Calculator/Info.plist";
				LD_RUNPATH_SEARCH_PATHS = (
					"$(inherited)",
					"@executable_path/Frameworks",
				);
				PRODUCT_BUNDLE_IDENTIFIER = "yiheng.Tip-Calculator";
				PRODUCT_NAME = "$(TARGET_NAME)";
				SWIFT_VERSION = 5.0;
				TARGETED_DEVICE_FAMILY = "1,2";
			};
			name = Debug;
		};
		DB840CFE23B9B8C6004E528E /* Release */ = {
			isa = XCBuildConfiguration;
			buildSettings = {
				ASSETCATALOG_COMPILER_APPICON_NAME = AppIcon;
				CODE_SIGN_STYLE = Automatic;
				INFOPLIST_FILE = "Tip Calculator/Info.plist";
				LD_RUNPATH_SEARCH_PATHS = (
					"$(inherited)",
					"@executable_path/Frameworks",
				);
				PRODUCT_BUNDLE_IDENTIFIER = "yiheng.Tip-Calculator";
				PRODUCT_NAME = "$(TARGET_NAME)";
				SWIFT_VERSION = 5.0;
				TARGETED_DEVICE_FAMILY = "1,2";
			};
			name = Release;
		};
		DB840D0023B9B8C6004E528E /* Debug */ = {
			isa = XCBuildConfiguration;
			buildSettings = {
				ALWAYS_EMBED_SWIFT_STANDARD_LIBRARIES = YES;
				BUNDLE_LOADER = "$(TEST_HOST)";
				CODE_SIGN_STYLE = Automatic;
				INFOPLIST_FILE = "Tip CalculatorTests/Info.plist";
				IPHONEOS_DEPLOYMENT_TARGET = 13.2;
				LD_RUNPATH_SEARCH_PATHS = (
					"$(inherited)",
					"@executable_path/Frameworks",
					"@loader_path/Frameworks",
				);
				PRODUCT_BUNDLE_IDENTIFIER = "yiheng.Tip-CalculatorTests";
				PRODUCT_NAME = "$(TARGET_NAME)";
				SWIFT_VERSION = 5.0;
				TARGETED_DEVICE_FAMILY = "1,2";
				TEST_HOST = "$(BUILT_PRODUCTS_DIR)/Tip Calculator.app/Tip Calculator";
			};
			name = Debug;
		};
		DB840D0123B9B8C6004E528E /* Release */ = {
			isa = XCBuildConfiguration;
			buildSettings = {
				ALWAYS_EMBED_SWIFT_STANDARD_LIBRARIES = YES;
				BUNDLE_LOADER = "$(TEST_HOST)";
				CODE_SIGN_STYLE = Automatic;
				INFOPLIST_FILE = "Tip CalculatorTests/Info.plist";
				IPHONEOS_DEPLOYMENT_TARGET = 13.2;
				LD_RUNPATH_SEARCH_PATHS = (
					"$(inherited)",
					"@executable_path/Frameworks",
					"@loader_path/Frameworks",
				);
				PRODUCT_BUNDLE_IDENTIFIER = "yiheng.Tip-CalculatorTests";
				PRODUCT_NAME = "$(TARGET_NAME)";
				SWIFT_VERSION = 5.0;
				TARGETED_DEVICE_FAMILY = "1,2";
				TEST_HOST = "$(BUILT_PRODUCTS_DIR)/Tip Calculator.app/Tip Calculator";
			};
			name = Release;
		};
		DB840D0323B9B8C6004E528E /* Debug */ = {
			isa = XCBuildConfiguration;
			buildSettings = {
				ALWAYS_EMBED_SWIFT_STANDARD_LIBRARIES = YES;
				CODE_SIGN_STYLE = Automatic;
				INFOPLIST_FILE = "Tip CalculatorUITests/Info.plist";
				LD_RUNPATH_SEARCH_PATHS = (
					"$(inherited)",
					"@executable_path/Frameworks",
					"@loader_path/Frameworks",
				);
				PRODUCT_BUNDLE_IDENTIFIER = "yiheng.Tip-CalculatorUITests";
				PRODUCT_NAME = "$(TARGET_NAME)";
				SWIFT_VERSION = 5.0;
				TARGETED_DEVICE_FAMILY = "1,2";
				TEST_TARGET_NAME = "Tip Calculator";
			};
			name = Debug;
		};
		DB840D0423B9B8C6004E528E /* Release */ = {
			isa = XCBuildConfiguration;
			buildSettings = {
				ALWAYS_EMBED_SWIFT_STANDARD_LIBRARIES = YES;
				CODE_SIGN_STYLE = Automatic;
				INFOPLIST_FILE = "Tip CalculatorUITests/Info.plist";
				LD_RUNPATH_SEARCH_PATHS = (
					"$(inherited)",
					"@executable_path/Frameworks",
					"@loader_path/Frameworks",
				);
				PRODUCT_BUNDLE_IDENTIFIER = "yiheng.Tip-CalculatorUITests";
				PRODUCT_NAME = "$(TARGET_NAME)";
				SWIFT_VERSION = 5.0;
				TARGETED_DEVICE_FAMILY = "1,2";
				TEST_TARGET_NAME = "Tip Calculator";
			};
			name = Release;
		};
/* End XCBuildConfiguration section */

/* Begin XCConfigurationList section */
		DB840CCD23B9B8C5004E528E /* Build configuration list for PBXProject "Tip Calculator" */ = {
			isa = XCConfigurationList;
			buildConfigurations = (
				DB840CFA23B9B8C6004E528E /* Debug */,
				DB840CFB23B9B8C6004E528E /* Release */,
			);
			defaultConfigurationIsVisible = 0;
			defaultConfigurationName = Release;
		};
		DB840CFC23B9B8C6004E528E /* Build configuration list for PBXNativeTarget "Tip Calculator" */ = {
			isa = XCConfigurationList;
			buildConfigurations = (
				DB840CFD23B9B8C6004E528E /* Debug */,
				DB840CFE23B9B8C6004E528E /* Release */,
			);
			defaultConfigurationIsVisible = 0;
			defaultConfigurationName = Release;
		};
		DB840CFF23B9B8C6004E528E /* Build configuration list for PBXNativeTarget "Tip CalculatorTests" */ = {
			isa = XCConfigurationList;
			buildConfigurations = (
				DB840D0023B9B8C6004E528E /* Debug */,
				DB840D0123B9B8C6004E528E /* Release */,
			);
			defaultConfigurationIsVisible = 0;
			defaultConfigurationName = Release;
		};
		DB840D0223B9B8C6004E528E /* Build configuration list for PBXNativeTarget "Tip CalculatorUITests" */ = {
			isa = XCConfigurationList;
			buildConfigurations = (
				DB840D0323B9B8C6004E528E /* Debug */,
				DB840D0423B9B8C6004E528E /* Release */,
			);
			defaultConfigurationIsVisible = 0;
			defaultConfigurationName = Release;
		};
/* End XCConfigurationList section */
	};
	rootObject = DB840CCA23B9B8C5004E528E /* Project object */;
}
